// !$*UTF8*$!
{
	archiveVersion = 1;
	classes = {
	};
	objectVersion = 56;
	objects = {

/* Begin PBXBuildFile section */
		A00000000000000000000021 /* PlannerApp.swift in Sources */ = {isa = PBXBuildFile; fileRef = A00000000000000000000011 /* PlannerApp.swift */; };
		A00000000000000000000022 /* CalendarGridModelTests.swift in Sources */ = {isa = PBXBuildFile; fileRef = A00000000000000000000012 /* CalendarGridModelTests.swift */; };
		A00000000000000000000023 /* CalendarEnvironment.swift in Sources */ = {isa = PBXBuildFile; fileRef = A00000000000000000000014 /* CalendarEnvironment.swift */; };
		A00000000000000000000024 /* CalendarGridModel.swift in Sources */ = {isa = PBXBuildFile; fileRef = A00000000000000000000015 /* CalendarGridModel.swift */; };
		A00000000000000000000025 /* CalendarScreen.swift in Sources */ = {isa = PBXBuildFile; fileRef = A00000000000000000000016 /* CalendarScreen.swift */; };
		A00000000000000000000026 /* Assets.xcassets in Resources */ = {isa = PBXBuildFile; fileRef = A00000000000000000000018 /* Assets.xcassets */; };
		A00000000000000000000090 /* PlannerPalette.swift in Sources */ = {isa = PBXBuildFile; fileRef = A00000000000000000000092 /* PlannerPalette.swift */; };
		A00000000000000000000093 /* IOSCalendarHeader.swift in Sources */ = {isa = PBXBuildFile; fileRef = A00000000000000000000094 /* IOSCalendarHeader.swift */; };
		A00000000000000000000101 /* GoogleAccountConnectionConfiguration.swift in Sources */ = {isa = PBXBuildFile; fileRef = A00000000000000000000095 /* GoogleAccountConnectionConfiguration.swift */; };
		A00000000000000000000102 /* IOSAccountControl.swift in Sources */ = {isa = PBXBuildFile; fileRef = A00000000000000000000096 /* IOSAccountControl.swift */; };
		A00000000000000000000103 /* IOSHeaderStatus.swift in Sources */ = {isa = PBXBuildFile; fileRef = A00000000000000000000097 /* IOSHeaderStatus.swift */; };
		A00000000000000000000104 /* GoogleAccountConnectionConfigurationTests.swift in Sources */ = {isa = PBXBuildFile; fileRef = A00000000000000000000098 /* GoogleAccountConnectionConfigurationTests.swift */; };
		A00000000000000000000109 /* GoogleSignIn in Frameworks */ = {isa = PBXBuildFile; productRef = A00000000000000000000107 /* GoogleSignIn */; };
		A00000000000000000000113 /* GoogleAccountConnection.swift in Sources */ = {isa = PBXBuildFile; fileRef = A00000000000000000000111 /* GoogleAccountConnection.swift */; };
		A00000000000000000000114 /* GoogleSignInSDKAdapter.swift in Sources */ = {isa = PBXBuildFile; fileRef = A00000000000000000000112 /* GoogleSignInSDKAdapter.swift */; };
		A00000000000000000000116 /* GoogleAccountConnectionTests.swift in Sources */ = {isa = PBXBuildFile; fileRef = A00000000000000000000115 /* GoogleAccountConnectionTests.swift */; };
		A00000000000000000000118 /* IOSConnectionExplanation.swift in Sources */ = {isa = PBXBuildFile; fileRef = A00000000000000000000117 /* IOSConnectionExplanation.swift */; };
		A00000000000000000000120 /* GoogleConnectionConnectivityMonitor.swift in Sources */ = {isa = PBXBuildFile; fileRef = A00000000000000000000119 /* GoogleConnectionConnectivityMonitor.swift */; };
		A00000000000000000000122 /* GoogleConnectionInstallationBoundary.swift in Sources */ = {isa = PBXBuildFile; fileRef = A00000000000000000000121 /* GoogleConnectionInstallationBoundary.swift */; };
		A00000000000000000000124 /* GoogleConnectionInstallationBoundaryTests.swift in Sources */ = {isa = PBXBuildFile; fileRef = A00000000000000000000123 /* GoogleConnectionInstallationBoundaryTests.swift */; };
		A00000000000000000000126 /* HeaderCollisionLayoutTests.swift in Sources */ = {isa = PBXBuildFile; fileRef = A00000000000000000000125 /* HeaderCollisionLayoutTests.swift */; };
		A00000000000000000000128 /* ProductVersion.swift in Sources */ = {isa = PBXBuildFile; fileRef = A00000000000000000000127 /* ProductVersion.swift */; };
		A00000000000000000000130 /* ProductVersionTests.swift in Sources */ = {isa = PBXBuildFile; fileRef = A00000000000000000000129 /* ProductVersionTests.swift */; };
		A00000000000000000000132 /* CalendarEventsModel.swift in Sources */ = {isa = PBXBuildFile; fileRef = A00000000000000000000131 /* CalendarEventsModel.swift */; };
		A00000000000000000000134 /* GoogleCalendarAPIAdapter.swift in Sources */ = {isa = PBXBuildFile; fileRef = A00000000000000000000133 /* GoogleCalendarAPIAdapter.swift */; };
		A00000000000000000000136 /* CalendarEventsModelTests.swift in Sources */ = {isa = PBXBuildFile; fileRef = A00000000000000000000135 /* CalendarEventsModelTests.swift */; };
/* End PBXBuildFile section */

/* Begin PBXContainerItemProxy section */
		A00000000000000000000080 /* PBXContainerItemProxy */ = {
			isa = PBXContainerItemProxy;
			containerPortal = A00000000000000000000001 /* Project object */;
			proxyType = 1;
			remoteGlobalIDString = A00000000000000000000040;
			remoteInfo = Planner;
		};
/* End PBXContainerItemProxy section */

/* Begin PBXFileReference section */
		A00000000000000000000010 /* Planner.app */ = {isa = PBXFileReference; explicitFileType = wrapper.application; includeInIndex = 0; path = Planner.app; sourceTree = BUILT_PRODUCTS_DIR; };
		A00000000000000000000011 /* PlannerApp.swift */ = {isa = PBXFileReference; lastKnownFileType = sourcecode.swift; path = PlannerApp.swift; sourceTree = "<group>"; };
		A00000000000000000000012 /* CalendarGridModelTests.swift */ = {isa = PBXFileReference; lastKnownFileType = sourcecode.swift; path = CalendarGridModelTests.swift; sourceTree = "<group>"; };
		A00000000000000000000013 /* PlannerTests.xctest */ = {isa = PBXFileReference; explicitFileType = wrapper.cfbundle; includeInIndex = 0; path = PlannerTests.xctest; sourceTree = BUILT_PRODUCTS_DIR; };
		A00000000000000000000014 /* CalendarEnvironment.swift */ = {isa = PBXFileReference; lastKnownFileType = sourcecode.swift; path = CalendarEnvironment.swift; sourceTree = "<group>"; };
		A00000000000000000000015 /* CalendarGridModel.swift */ = {isa = PBXFileReference; lastKnownFileType = sourcecode.swift; path = CalendarGridModel.swift; sourceTree = "<group>"; };
		A00000000000000000000016 /* CalendarScreen.swift */ = {isa = PBXFileReference; lastKnownFileType = sourcecode.swift; path = CalendarScreen.swift; sourceTree = "<group>"; };
		A00000000000000000000017 /* Info.plist */ = {isa = PBXFileReference; lastKnownFileType = text.plist.xml; path = Info.plist; sourceTree = "<group>"; };
		A00000000000000000000018 /* Assets.xcassets */ = {isa = PBXFileReference; lastKnownFileType = folder.assetcatalog; path = Assets.xcassets; sourceTree = "<group>"; };
		A00000000000000000000092 /* PlannerPalette.swift */ = {isa = PBXFileReference; lastKnownFileType = sourcecode.swift; path = PlannerPalette.swift; sourceTree = "<group>"; };
		A00000000000000000000094 /* IOSCalendarHeader.swift */ = {isa = PBXFileReference; lastKnownFileType = sourcecode.swift; path = IOSCalendarHeader.swift; sourceTree = "<group>"; };
		A00000000000000000000095 /* GoogleAccountConnectionConfiguration.swift */ = {isa = PBXFileReference; lastKnownFileType = sourcecode.swift; path = GoogleAccountConnectionConfiguration.swift; sourceTree = "<group>"; };
		A00000000000000000000096 /* IOSAccountControl.swift */ = {isa = PBXFileReference; lastKnownFileType = sourcecode.swift; path = IOSAccountControl.swift; sourceTree = "<group>"; };
		A00000000000000000000097 /* IOSHeaderStatus.swift */ = {isa = PBXFileReference; lastKnownFileType = sourcecode.swift; path = IOSHeaderStatus.swift; sourceTree = "<group>"; };
		A00000000000000000000098 /* GoogleAccountConnectionConfigurationTests.swift */ = {isa = PBXFileReference; lastKnownFileType = sourcecode.swift; path = GoogleAccountConnectionConfigurationTests.swift; sourceTree = "<group>"; };
		A00000000000000000000099 /* GoogleConnection.xcconfig */ = {isa = PBXFileReference; lastKnownFileType = text.xcconfig; path = GoogleConnection.xcconfig; sourceTree = "<group>"; };
		A00000000000000000000100 /* GoogleConnection.local.xcconfig.example */ = {isa = PBXFileReference; lastKnownFileType = text; path = GoogleConnection.local.xcconfig.example; sourceTree = "<group>"; };
		A00000000000000000000111 /* GoogleAccountConnection.swift */ = {isa = PBXFileReference; lastKnownFileType = sourcecode.swift; path = GoogleAccountConnection.swift; sourceTree = "<group>"; };
		A00000000000000000000112 /* GoogleSignInSDKAdapter.swift */ = {isa = PBXFileReference; lastKnownFileType = sourcecode.swift; path = GoogleSignInSDKAdapter.swift; sourceTree = "<group>"; };
		A00000000000000000000115 /* GoogleAccountConnectionTests.swift */ = {isa = PBXFileReference; lastKnownFileType = sourcecode.swift; path = GoogleAccountConnectionTests.swift; sourceTree = "<group>"; };
		A00000000000000000000117 /* IOSConnectionExplanation.swift */ = {isa = PBXFileReference; lastKnownFileType = sourcecode.swift; path = IOSConnectionExplanation.swift; sourceTree = "<group>"; };
		A00000000000000000000119 /* GoogleConnectionConnectivityMonitor.swift */ = {isa = PBXFileReference; lastKnownFileType = sourcecode.swift; path = GoogleConnectionConnectivityMonitor.swift; sourceTree = "<group>"; };
		A00000000000000000000121 /* GoogleConnectionInstallationBoundary.swift */ = {isa = PBXFileReference; lastKnownFileType = sourcecode.swift; path = GoogleConnectionInstallationBoundary.swift; sourceTree = "<group>"; };
		A00000000000000000000123 /* GoogleConnectionInstallationBoundaryTests.swift */ = {isa = PBXFileReference; lastKnownFileType = sourcecode.swift; path = GoogleConnectionInstallationBoundaryTests.swift; sourceTree = "<group>"; };
		A00000000000000000000125 /* HeaderCollisionLayoutTests.swift */ = {isa = PBXFileReference; lastKnownFileType = sourcecode.swift; path = HeaderCollisionLayoutTests.swift; sourceTree = "<group>"; };
		A00000000000000000000127 /* ProductVersion.swift */ = {isa = PBXFileReference; lastKnownFileType = sourcecode.swift; path = ProductVersion.swift; sourceTree = "<group>"; };
		A00000000000000000000129 /* ProductVersionTests.swift */ = {isa = PBXFileReference; lastKnownFileType = sourcecode.swift; path = ProductVersionTests.swift; sourceTree = "<group>"; };
		A00000000000000000000131 /* CalendarEventsModel.swift */ = {isa = PBXFileReference; lastKnownFileType = sourcecode.swift; path = CalendarEventsModel.swift; sourceTree = "<group>"; };
		A00000000000000000000133 /* GoogleCalendarAPIAdapter.swift */ = {isa = PBXFileReference; lastKnownFileType = sourcecode.swift; path = GoogleCalendarAPIAdapter.swift; sourceTree = "<group>"; };
		A00000000000000000000135 /* CalendarEventsModelTests.swift */ = {isa = PBXFileReference; lastKnownFileType = sourcecode.swift; path = CalendarEventsModelTests.swift; sourceTree = "<group>"; };
/* End PBXFileReference section */

/* Begin PBXFrameworksBuildPhase section */
		A00000000000000000000031 /* Frameworks */ = {
			isa = PBXFrameworksBuildPhase;
			buildActionMask = 2147483647;
			files = (
				A00000000000000000000109 /* GoogleSignIn in Frameworks */,
			);
			runOnlyForDeploymentPostprocessing = 0;
		};
		A00000000000000000000034 /* Frameworks */ = {
			isa = PBXFrameworksBuildPhase;
			buildActionMask = 2147483647;
			files = (
			);
			runOnlyForDeploymentPostprocessing = 0;
		};
/* End PBXFrameworksBuildPhase section */

/* Begin PBXGroup section */
		A00000000000000000000002 = {
			isa = PBXGroup;
			children = (
				A00000000000000000000004 /* Planner */,
				A00000000000000000000005 /* PlannerTests */,
				A00000000000000000000105 /* Configurations */,
				A00000000000000000000003 /* Products */,
			);
			sourceTree = "<group>";
		};
		A00000000000000000000003 /* Products */ = {
			isa = PBXGroup;
			children = (
				A00000000000000000000010 /* Planner.app */,
				A00000000000000000000013 /* PlannerTests.xctest */,
			);
			name = Products;
			sourceTree = "<group>";
		};
		A00000000000000000000004 /* Planner */ = {
			isa = PBXGroup;
			children = (
				A00000000000000000000011 /* PlannerApp.swift */,
				A00000000000000000000014 /* CalendarEnvironment.swift */,
				A00000000000000000000015 /* CalendarGridModel.swift */,
				A00000000000000000000016 /* CalendarScreen.swift */,
				A00000000000000000000092 /* PlannerPalette.swift */,
				A00000000000000000000094 /* IOSCalendarHeader.swift */,
				A00000000000000000000095 /* GoogleAccountConnectionConfiguration.swift */,
				A00000000000000000000096 /* IOSAccountControl.swift */,
				A00000000000000000000097 /* IOSHeaderStatus.swift */,
				A00000000000000000000111 /* GoogleAccountConnection.swift */,
				A00000000000000000000112 /* GoogleSignInSDKAdapter.swift */,
				A00000000000000000000117 /* IOSConnectionExplanation.swift */,
				A00000000000000000000119 /* GoogleConnectionConnectivityMonitor.swift */,
				A00000000000000000000121 /* GoogleConnectionInstallationBoundary.swift */,
				A00000000000000000000127 /* ProductVersion.swift */,
				A00000000000000000000131 /* CalendarEventsModel.swift */,
				A00000000000000000000133 /* GoogleCalendarAPIAdapter.swift */,
				A00000000000000000000018 /* Assets.xcassets */,
				A00000000000000000000017 /* Info.plist */,
			);
			path = Planner;
			sourceTree = "<group>";
		};
		A00000000000000000000005 /* PlannerTests */ = {
			isa = PBXGroup;
			children = (
				A00000000000000000000012 /* CalendarGridModelTests.swift */,
				A00000000000000000000098 /* GoogleAccountConnectionConfigurationTests.swift */,
				A00000000000000000000115 /* GoogleAccountConnectionTests.swift */,
				A00000000000000000000123 /* GoogleConnectionInstallationBoundaryTests.swift */,
				A00000000000000000000125 /* HeaderCollisionLayoutTests.swift */,
				A00000000000000000000129 /* ProductVersionTests.swift */,
				A00000000000000000000135 /* CalendarEventsModelTests.swift */,
			);
			path = PlannerTests;
			sourceTree = "<group>";
		};
		A00000000000000000000105 /* Configurations */ = {
			isa = PBXGroup;
			children = (
				A00000000000000000000099 /* GoogleConnection.xcconfig */,
				A00000000000000000000100 /* GoogleConnection.local.xcconfig.example */,
			);
			path = Configurations;
			sourceTree = "<group>";
		};
/* End PBXGroup section */

/* Begin PBXNativeTarget section */
		A00000000000000000000040 /* Planner */ = {
			isa = PBXNativeTarget;
			buildConfigurationList = A00000000000000000000051 /* Build configuration list for PBXNativeTarget "Planner" */;
			buildPhases = (
				A00000000000000000000030 /* Sources */,
				A00000000000000000000031 /* Frameworks */,
				A00000000000000000000032 /* Resources */,
			);
			buildRules = (
			);
			dependencies = (
			);
			name = Planner;
			packageProductDependencies = (
				A00000000000000000000107 /* GoogleSignIn */,
			);
			productName = Planner;
			productReference = A00000000000000000000010 /* Planner.app */;
			productType = "com.apple.product-type.application";
		};
		A00000000000000000000041 /* PlannerTests */ = {
			isa = PBXNativeTarget;
			buildConfigurationList = A00000000000000000000052 /* Build configuration list for PBXNativeTarget "PlannerTests" */;
			buildPhases = (
				A00000000000000000000033 /* Sources */,
				A00000000000000000000034 /* Frameworks */,
			);
			buildRules = (
			);
			dependencies = (
				A00000000000000000000081 /* PBXTargetDependency */,
			);
			name = PlannerTests;
			productName = PlannerTests;
			productReference = A00000000000000000000013 /* PlannerTests.xctest */;
			productType = "com.apple.product-type.bundle.unit-test";
		};
/* End PBXNativeTarget section */

/* Begin PBXProject section */
		A00000000000000000000001 /* Project object */ = {
			isa = PBXProject;
			attributes = {
				BuildIndependentTargetsInParallel = 1;
				LastSwiftUpdateCheck = 2660;
				LastUpgradeCheck = 2660;
				TargetAttributes = {
					A00000000000000000000040 = {
						CreatedOnToolsVersion = 26.6;
					};
					A00000000000000000000041 = {
						CreatedOnToolsVersion = 26.6;
						TestTargetID = A00000000000000000000040;
					};
				};
			};
			buildConfigurationList = A00000000000000000000050 /* Build configuration list for PBXProject "Planner" */;
			compatibilityVersion = "Xcode 14.0";
			developmentRegion = en;
			hasScannedForEncodings = 0;
			knownRegions = (
				en,
				Base,
			);
			mainGroup = A00000000000000000000002;
			packageReferences = (
				A00000000000000000000106 /* XCRemoteSwiftPackageReference "GoogleSignIn-iOS" */,
			);
			productRefGroup = A00000000000000000000003 /* Products */;
			projectDirPath = "";
			projectRoot = "";
			targets = (
				A00000000000000000000040 /* Planner */,
				A00000000000000000000041 /* PlannerTests */,
			);
		};
/* End PBXProject section */

/* Begin PBXResourcesBuildPhase section */
		A00000000000000000000032 /* Resources */ = {
			isa = PBXResourcesBuildPhase;
			buildActionMask = 2147483647;
			files = (
				A00000000000000000000026 /* Assets.xcassets in Resources */,
			);
			runOnlyForDeploymentPostprocessing = 0;
		};
/* End PBXResourcesBuildPhase section */

/* Begin PBXSourcesBuildPhase section */
		A00000000000000000000030 /* Sources */ = {
			isa = PBXSourcesBuildPhase;
			buildActionMask = 2147483647;
			files = (
				A00000000000000000000021 /* PlannerApp.swift in Sources */,
				A00000000000000000000023 /* CalendarEnvironment.swift in Sources */,
				A00000000000000000000024 /* CalendarGridModel.swift in Sources */,
				A00000000000000000000025 /* CalendarScreen.swift in Sources */,
				A00000000000000000000090 /* PlannerPalette.swift in Sources */,
				A00000000000000000000093 /* IOSCalendarHeader.swift in Sources */,
				A00000000000000000000101 /* GoogleAccountConnectionConfiguration.swift in Sources */,
				A00000000000000000000102 /* IOSAccountControl.swift in Sources */,
				A00000000000000000000103 /* IOSHeaderStatus.swift in Sources */,
				A00000000000000000000113 /* GoogleAccountConnection.swift in Sources */,
				A00000000000000000000114 /* GoogleSignInSDKAdapter.swift in Sources */,
				A00000000000000000000118 /* IOSConnectionExplanation.swift in Sources */,
				A00000000000000000000120 /* GoogleConnectionConnectivityMonitor.swift in Sources */,
				A00000000000000000000122 /* GoogleConnectionInstallationBoundary.swift in Sources */,
				A00000000000000000000128 /* ProductVersion.swift in Sources */,
				A00000000000000000000132 /* CalendarEventsModel.swift in Sources */,
				A00000000000000000000134 /* GoogleCalendarAPIAdapter.swift in Sources */,
			);
			runOnlyForDeploymentPostprocessing = 0;
		};
		A00000000000000000000033 /* Sources */ = {
			isa = PBXSourcesBuildPhase;
			buildActionMask = 2147483647;
			files = (
				A00000000000000000000022 /* CalendarGridModelTests.swift in Sources */,
				A00000000000000000000104 /* GoogleAccountConnectionConfigurationTests.swift in Sources */,
				A00000000000000000000116 /* GoogleAccountConnectionTests.swift in Sources */,
				A00000000000000000000124 /* GoogleConnectionInstallationBoundaryTests.swift in Sources */,
				A00000000000000000000126 /* HeaderCollisionLayoutTests.swift in Sources */,
				A00000000000000000000130 /* ProductVersionTests.swift in Sources */,
				A00000000000000000000136 /* CalendarEventsModelTests.swift in Sources */,
			);
			runOnlyForDeploymentPostprocessing = 0;
		};
/* End PBXSourcesBuildPhase section */

/* Begin PBXTargetDependency section */
		A00000000000000000000081 /* PBXTargetDependency */ = {
			isa = PBXTargetDependency;
			target = A00000000000000000000040 /* Planner */;
			targetProxy = A00000000000000000000080 /* PBXContainerItemProxy */;
		};
/* End PBXTargetDependency section */

/* Begin XCBuildConfiguration section */
		A00000000000000000000060 /* Debug */ = {
			isa = XCBuildConfiguration;
			buildSettings = {
				ALWAYS_SEARCH_USER_PATHS = NO;
				CLANG_ANALYZER_NONNULL = YES;
				CLANG_ANALYZER_NUMBER_OBJECT_CONVERSION = YES_AGGRESSIVE;
				CLANG_CXX_LANGUAGE_STANDARD = "gnu++20";
				CLANG_ENABLE_MODULES = YES;
				CLANG_ENABLE_OBJC_ARC = YES;
				CLANG_ENABLE_OBJC_WEAK = YES;
				CLANG_WARN_BLOCK_CAPTURE_AUTORELEASING = YES;
				CLANG_WARN_BOOL_CONVERSION = YES;
				CLANG_WARN_COMMA = YES;
				CLANG_WARN_CONSTANT_CONVERSION = YES;
				CLANG_WARN_DEPRECATED_OBJC_IMPLEMENTATIONS = YES;
				CLANG_WARN_DIRECT_OBJC_ISA_USAGE = YES_ERROR;
				CLANG_WARN_DOCUMENTATION_COMMENTS = YES;
				CLANG_WARN_EMPTY_BODY = YES;
				CLANG_WARN_ENUM_CONVERSION = YES;
				CLANG_WARN_INFINITE_RECURSION = YES;
				CLANG_WARN_INT_CONVERSION = YES;
				CLANG_WARN_NON_LITERAL_NULL_CONVERSION = YES;
				CLANG_WARN_OBJC_IMPLICIT_RETAIN_SELF = YES;
				CLANG_WARN_OBJC_LITERAL_CONVERSION = YES;
				CLANG_WARN_OBJC_ROOT_CLASS = YES_ERROR;
				CLANG_WARN_QUOTED_INCLUDE_IN_FRAMEWORK_HEADER = YES;
				CLANG_WARN_RANGE_LOOP_ANALYSIS = YES;
				CLANG_WARN_STRICT_PROTOTYPES = YES;
				CLANG_WARN_SUSPICIOUS_MOVE = YES;
				CLANG_WARN_UNGUARDED_AVAILABILITY = YES_AGGRESSIVE;
				CLANG_WARN_UNREACHABLE_CODE = YES;
				CLANG_WARN__DUPLICATE_METHOD_MATCH = YES;
				COPY_PHASE_STRIP = NO;
				DEBUG_INFORMATION_FORMAT = dwarf;
				ENABLE_STRICT_OBJC_MSGSEND = YES;
				ENABLE_TESTABILITY = YES;
				GCC_C_LANGUAGE_STANDARD = gnu17;
				GCC_DYNAMIC_NO_PIC = NO;
				GCC_NO_COMMON_BLOCKS = YES;
				GCC_OPTIMIZATION_LEVEL = 0;
				GCC_PREPROCESSOR_DEFINITIONS = (
					"DEBUG=1",
					"$(inherited)",
				);
				GCC_TREAT_WARNINGS_AS_ERRORS = YES;
				GCC_WARN_64_TO_32_BIT_CONVERSION = YES;
				GCC_WARN_ABOUT_RETURN_TYPE = YES_ERROR;
				GCC_WARN_UNDECLARED_SELECTOR = YES;
				GCC_WARN_UNINITIALIZED_AUTOS = YES_AGGRESSIVE;
				GCC_WARN_UNUSED_FUNCTION = YES;
				GCC_WARN_UNUSED_VARIABLE = YES;
				IPHONEOS_DEPLOYMENT_TARGET = 17.0;
				MTL_ENABLE_DEBUG_INFO = INCLUDE_SOURCE;
				MTL_FAST_MATH = YES;
				ONLY_ACTIVE_ARCH = YES;
				SDKROOT = iphoneos;
				SWIFT_ACTIVE_COMPILATION_CONDITIONS = DEBUG;
				SWIFT_OPTIMIZATION_LEVEL = "-Onone";
				SWIFT_TREAT_WARNINGS_AS_ERRORS = YES;
			};
			name = Debug;
		};
		A00000000000000000000061 /* Release */ = {
			isa = XCBuildConfiguration;
			buildSettings = {
				ALWAYS_SEARCH_USER_PATHS = NO;
				CLANG_ANALYZER_NONNULL = YES;
				CLANG_ANALYZER_NUMBER_OBJECT_CONVERSION = YES_AGGRESSIVE;
				CLANG_CXX_LANGUAGE_STANDARD = "gnu++20";
				CLANG_ENABLE_MODULES = YES;
				CLANG_ENABLE_OBJC_ARC = YES;
				CLANG_ENABLE_OBJC_WEAK = YES;
				CLANG_WARN_BLOCK_CAPTURE_AUTORELEASING = YES;
				CLANG_WARN_BOOL_CONVERSION = YES;
				CLANG_WARN_COMMA = YES;
				CLANG_WARN_CONSTANT_CONVERSION = YES;
				CLANG_WARN_DEPRECATED_OBJC_IMPLEMENTATIONS = YES;
				CLANG_WARN_DIRECT_OBJC_ISA_USAGE = YES_ERROR;
				CLANG_WARN_DOCUMENTATION_COMMENTS = YES;
				CLANG_WARN_EMPTY_BODY = YES;
				CLANG_WARN_ENUM_CONVERSION = YES;
				CLANG_WARN_INFINITE_RECURSION = YES;
				CLANG_WARN_INT_CONVERSION = YES;
				CLANG_WARN_NON_LITERAL_NULL_CONVERSION = YES;
				CLANG_WARN_OBJC_IMPLICIT_RETAIN_SELF = YES;
				CLANG_WARN_OBJC_LITERAL_CONVERSION = YES;
				CLANG_WARN_OBJC_ROOT_CLASS = YES_ERROR;
				CLANG_WARN_QUOTED_INCLUDE_IN_FRAMEWORK_HEADER = YES;
				CLANG_WARN_RANGE_LOOP_ANALYSIS = YES;
				CLANG_WARN_STRICT_PROTOTYPES = YES;
				CLANG_WARN_SUSPICIOUS_MOVE = YES;
				CLANG_WARN_UNGUARDED_AVAILABILITY = YES_AGGRESSIVE;
				CLANG_WARN_UNREACHABLE_CODE = YES;
				CLANG_WARN__DUPLICATE_METHOD_MATCH = YES;
				COPY_PHASE_STRIP = NO;
				DEBUG_INFORMATION_FORMAT = "dwarf-with-dsym";
				ENABLE_NS_ASSERTIONS = NO;
				ENABLE_STRICT_OBJC_MSGSEND = YES;
				GCC_C_LANGUAGE_STANDARD = gnu17;
				GCC_NO_COMMON_BLOCKS = YES;
				GCC_TREAT_WARNINGS_AS_ERRORS = YES;
				GCC_WARN_64_TO_32_BIT_CONVERSION = YES;
				GCC_WARN_ABOUT_RETURN_TYPE = YES_ERROR;
				GCC_WARN_UNDECLARED_SELECTOR = YES;
				GCC_WARN_UNINITIALIZED_AUTOS = YES_AGGRESSIVE;
				GCC_WARN_UNUSED_FUNCTION = YES;
				GCC_WARN_UNUSED_VARIABLE = YES;
				IPHONEOS_DEPLOYMENT_TARGET = 17.0;
				MTL_ENABLE_DEBUG_INFO = NO;
				MTL_FAST_MATH = YES;
				SDKROOT = iphoneos;
				SWIFT_COMPILATION_MODE = wholemodule;
				SWIFT_OPTIMIZATION_LEVEL = "-O";
				SWIFT_TREAT_WARNINGS_AS_ERRORS = YES;
				VALIDATE_PRODUCT = YES;
			};
			name = Release;
		};
		A00000000000000000000062 /* Debug */ = {
			isa = XCBuildConfiguration;
			baseConfigurationReference = A00000000000000000000099 /* GoogleConnection.xcconfig */;
			buildSettings = {
				ASSETCATALOG_COMPILER_APPICON_NAME = AppIcon;
				CODE_SIGN_STYLE = Automatic;
				CURRENT_PROJECT_VERSION = 1;
				DEVELOPMENT_TEAM = XRR68Q4FN7;
				ENABLE_PREVIEWS = YES;
				GENERATE_INFOPLIST_FILE = NO;
				INFOPLIST_FILE = Planner/Info.plist;
				INFOPLIST_PREPROCESS = YES;
				INFOPLIST_PREPROCESSOR_DEFINITIONS = "$(PLANNER_GOOGLE_CONNECTION_INFOPLIST_DEFINITIONS)";
				IPHONEOS_DEPLOYMENT_TARGET = 17.0;
				LD_RUNPATH_SEARCH_PATHS = (
					"$(inherited)",
					"@executable_path/Frameworks",
				);
				MARKETING_VERSION = 1.0;
				PRODUCT_BUNDLE_IDENTIFIER = com.yetanother.planner;
				PRODUCT_NAME = "$(TARGET_NAME)";
				SUPPORTED_PLATFORMS = "iphoneos iphonesimulator";
				SUPPORTS_MACCATALYST = NO;
				SUPPORTS_MAC_DESIGNED_FOR_IPHONE_IPAD = NO;
				SWIFT_STRICT_CONCURRENCY = complete;
				SWIFT_VERSION = 6.0;
				TARGETED_DEVICE_FAMILY = "1,2";
			};
			name = Debug;
		};
		A00000000000000000000063 /* Release */ = {
			isa = XCBuildConfiguration;
			baseConfigurationReference = A00000000000000000000099 /* GoogleConnection.xcconfig */;
			buildSettings = {
				ASSETCATALOG_COMPILER_APPICON_NAME = AppIcon;
				CODE_SIGN_STYLE = Automatic;
				CURRENT_PROJECT_VERSION = 1;
				DEVELOPMENT_TEAM = XRR68Q4FN7;
				ENABLE_PREVIEWS = YES;
				GENERATE_INFOPLIST_FILE = NO;
				INFOPLIST_FILE = Planner/Info.plist;
				INFOPLIST_PREPROCESS = YES;
				INFOPLIST_PREPROCESSOR_DEFINITIONS = "$(PLANNER_GOOGLE_CONNECTION_INFOPLIST_DEFINITIONS)";
				IPHONEOS_DEPLOYMENT_TARGET = 17.0;
				LD_RUNPATH_SEARCH_PATHS = (
					"$(inherited)",
					"@executable_path/Frameworks",
				);
				MARKETING_VERSION = 1.0;
				PRODUCT_BUNDLE_IDENTIFIER = com.yetanother.planner;
				PRODUCT_NAME = "$(TARGET_NAME)";
				SUPPORTED_PLATFORMS = "iphoneos iphonesimulator";
				SUPPORTS_MACCATALYST = NO;
				SUPPORTS_MAC_DESIGNED_FOR_IPHONE_IPAD = NO;
				SWIFT_STRICT_CONCURRENCY = complete;
				SWIFT_VERSION = 6.0;
				TARGETED_DEVICE_FAMILY = "1,2";
			};
			name = Release;
		};
		A00000000000000000000064 /* Debug */ = {
			isa = XCBuildConfiguration;
			buildSettings = {
				BUNDLE_LOADER = "$(TEST_HOST)";
				CODE_SIGN_STYLE = Automatic;
				CURRENT_PROJECT_VERSION = 1;
				GENERATE_INFOPLIST_FILE = YES;
				IPHONEOS_DEPLOYMENT_TARGET = 17.0;
				LD_RUNPATH_SEARCH_PATHS = (
					"$(inherited)",
					"@executable_path/Frameworks",
					"@loader_path/Frameworks",
				);
				MARKETING_VERSION = 1.0;
				PRODUCT_BUNDLE_IDENTIFIER = com.yetanother.planner.tests;
				PRODUCT_NAME = "$(TARGET_NAME)";
				SUPPORTED_PLATFORMS = "iphoneos iphonesimulator";
				SWIFT_STRICT_CONCURRENCY = complete;
				SWIFT_VERSION = 6.0;
				TARGETED_DEVICE_FAMILY = "1,2";
				TEST_HOST = "$(BUILT_PRODUCTS_DIR)/Planner.app/$(BUNDLE_EXECUTABLE_FOLDER_PATH)/Planner";
			};
			name = Debug;
		};
		A00000000000000000000065 /* Release */ = {
			isa = XCBuildConfiguration;
			buildSettings = {
				BUNDLE_LOADER = "$(TEST_HOST)";
				CODE_SIGN_STYLE = Automatic;
				CURRENT_PROJECT_VERSION = 1;
				GENERATE_INFOPLIST_FILE = YES;
				IPHONEOS_DEPLOYMENT_TARGET = 17.0;
				LD_RUNPATH_SEARCH_PATHS = (
					"$(inherited)",
					"@executable_path/Frameworks",
					"@loader_path/Frameworks",
				);
				MARKETING_VERSION = 1.0;
				PRODUCT_BUNDLE_IDENTIFIER = com.yetanother.planner.tests;
				PRODUCT_NAME = "$(TARGET_NAME)";
				SUPPORTED_PLATFORMS = "iphoneos iphonesimulator";
				SWIFT_STRICT_CONCURRENCY = complete;
				SWIFT_VERSION = 6.0;
				TARGETED_DEVICE_FAMILY = "1,2";
				TEST_HOST = "$(BUILT_PRODUCTS_DIR)/Planner.app/$(BUNDLE_EXECUTABLE_FOLDER_PATH)/Planner";
			};
			name = Release;
		};
/* End XCBuildConfiguration section */

/* Begin XCConfigurationList section */
		A00000000000000000000050 /* Build configuration list for PBXProject "Planner" */ = {
			isa = XCConfigurationList;
			buildConfigurations = (
				A00000000000000000000060 /* Debug */,
				A00000000000000000000061 /* Release */,
			);
			defaultConfigurationIsVisible = 0;
			defaultConfigurationName = Release;
		};
		A00000000000000000000051 /* Build configuration list for PBXNativeTarget "Planner" */ = {
			isa = XCConfigurationList;
			buildConfigurations = (
				A00000000000000000000062 /* Debug */,
				A00000000000000000000063 /* Release */,
			);
			defaultConfigurationIsVisible = 0;
			defaultConfigurationName = Release;
		};
		A00000000000000000000052 /* Build configuration list for PBXNativeTarget "PlannerTests" */ = {
			isa = XCConfigurationList;
			buildConfigurations = (
				A00000000000000000000064 /* Debug */,
				A00000000000000000000065 /* Release */,
			);
			defaultConfigurationIsVisible = 0;
			defaultConfigurationName = Release;
		};
/* End XCConfigurationList section */

/* Begin XCRemoteSwiftPackageReference section */
		A00000000000000000000106 /* XCRemoteSwiftPackageReference "GoogleSignIn-iOS" */ = {
			isa = XCRemoteSwiftPackageReference;
			repositoryURL = "https://github.com/google/GoogleSignIn-iOS";
			requirement = {
				kind = exactVersion;
				version = 9.2.0;
			};
		};
/* End XCRemoteSwiftPackageReference section */

/* Begin XCSwiftPackageProductDependency section */
		A00000000000000000000107 /* GoogleSignIn */ = {
			isa = XCSwiftPackageProductDependency;
			package = A00000000000000000000106 /* XCRemoteSwiftPackageReference "GoogleSignIn-iOS" */;
			productName = GoogleSignIn;
		};
/* End XCSwiftPackageProductDependency section */
	};
	rootObject = A00000000000000000000001 /* Project object */;
}
